
Microsoft Visual Studio Solution File, Format Version 12.00
# Visual Studio Version 16
VisualStudioVersion = 16.0.30413.136
MinimumVisualStudioVersion = 10.0.40219.1
Project("{FAE04EC0-301F-11D3-BF4B-00C04F79EFBC}") = "CsExam", "CsExam\CsExam.csproj", "{36EDEBBB-98F0-4B53-A73A-9EE6EFB2282B}"
EndProject
Global
	GlobalSection(SolutionConfigurationPlatforms) = preSolution
		Debug|Any CPU = Debug|Any CPU
		Release|Any CPU = Release|Any CPU
	EndGlobalSection
	GlobalSection(ProjectConfigurationPlatforms) = postSolution
		{36EDEBBB-98F0-4B53-A73A-9EE6EFB2282B}.Debug|Any CPU.ActiveCfg = Debug|Any CPU
		{36EDEBBB-98F0-4B53-A73A-9EE6EFB2282B}.Debug|Any CPU.Build.0 = Debug|Any CPU
		{36EDEBBB-98F0-4B53-A73A-9EE6EFB2282B}.Release|Any CPU.ActiveCfg = Release|Any CPU
		{36EDEBBB-98F0-4B53-A73A-9EE6EFB2282B}.Release|Any CPU.Build.0 = Release|Any CPU
	EndGlobalSection
	GlobalSection(SolutionProperties) = preSolution
		HideSolutionNode = FALSE
	EndGlobalSection
	GlobalSection(ExtensibilityGlobals) = postSolution
		SolutionGuid = {215F1695-2F35-411D-8D71-DF6FBA9A7633}
	EndGlobalSection
EndGlobal
